
Microsoft Visual Studio Solution File, Format Version 12.00
# Visual Studio Version 16
VisualStudioVersion = 16.0.31729.503
MinimumVisualStudioVersion = 10.0.40219.1
Project("{9A19103F-16F7-4668-BE54-9A1E7A4F7556}") = "UnluCo.Egitim.ExtensionMethod", "UnluCo.Egitim.ExtensionMetot\UnluCo.Egitim.ExtensionMethod.csproj", "{7ABA55FE-7F0E-4BAF-87D6-D5FF9A04B9EC}"
EndProject
Global
	GlobalSection(SolutionConfigurationPlatforms) = preSolution
		Debug|Any CPU = Debug|Any CPU
		Release|Any CPU = Release|Any CPU
	EndGlobalSection
	GlobalSection(ProjectConfigurationPlatforms) = postSolution
		{7ABA55FE-7F0E-4BAF-87D6-D5FF9A04B9EC}.Debug|Any CPU.ActiveCfg = Debug|Any CPU
		{7ABA55FE-7F0E-4BAF-87D6-D5FF9A04B9EC}.Debug|Any CPU.Build.0 = Debug|Any CPU
		{7ABA55FE-7F0E-4BAF-87D6-D5FF9A04B9EC}.Release|Any CPU.ActiveCfg = Release|Any CPU
		{7ABA55FE-7F0E-4BAF-87D6-D5FF9A04B9EC}.Release|Any CPU.Build.0 = Release|Any CPU
	EndGlobalSection
	GlobalSection(SolutionProperties) = preSolution
		HideSolutionNode = FALSE
	EndGlobalSection
	GlobalSection(ExtensibilityGlobals) = postSolution
		SolutionGuid = {BF952B6F-18B1-45AD-929A-A1766F6E849C}
	EndGlobalSection
EndGlobal
